
Microsoft Visual Studio Solution File, Format Version 12.00
# Visual Studio 15
VisualStudioVersion = 15.0.28307.421
MinimumVisualStudioVersion = 10.0.40219.1
Project("{FAE04EC0-301F-11D3-BF4B-00C04F79EFBC}") = "ManagementSystem", "ManagementSystem\ManagementSystem.csproj", "{47E6ACDF-0DC0-461A-8952-9DE0DD2AF788}"
EndProject
Project("{FAE04EC0-301F-11D3-BF4B-00C04F79EFBC}") = "ManagementSystemClassLibrary", "ManagmentSystemClassLibrary\ManagementSystemClassLibrary.csproj", "{B3D9FEA1-5B17-4D57-912D-4F41D23E1A79}"
EndProject
Project("{9A19103F-16F7-4668-BE54-9A1E7A4F7556}") = "MS.ViewModels", "MS.ViewModels\MS.ViewModels.csproj", "{9303B1AF-6E35-4763-847C-23D2BA8ABADD}"
EndProject
Project("{9A19103F-16F7-4668-BE54-9A1E7A4F7556}") = "MS.Core", "MS.Core\MS.Core.csproj", "{89A4D1D5-F43E-43E0-B69D-96F820F4F040}"
EndProject
Global
	GlobalSection(SolutionConfigurationPlatforms) = preSolution
		Debug|Any CPU = Debug|Any CPU
		Release|Any CPU = Release|Any CPU
	EndGlobalSection
	GlobalSection(ProjectConfigurationPlatforms) = postSolution
		{47E6ACDF-0DC0-461A-8952-9DE0DD2AF788}.Debug|Any CPU.ActiveCfg = Debug|Any CPU
		{47E6ACDF-0DC0-461A-8952-9DE0DD2AF788}.Debug|Any CPU.Build.0 = Debug|Any CPU
		{47E6ACDF-0DC0-461A-8952-9DE0DD2AF788}.Release|Any CPU.ActiveCfg = Release|Any CPU
		{47E6ACDF-0DC0-461A-8952-9DE0DD2AF788}.Release|Any CPU.Build.0 = Release|Any CPU
		{B3D9FEA1-5B17-4D57-912D-4F41D23E1A79}.Debug|Any CPU.ActiveCfg = Debug|Any CPU
		{B3D9FEA1-5B17-4D57-912D-4F41D23E1A79}.Debug|Any CPU.Build.0 = Debug|Any CPU
		{B3D9FEA1-5B17-4D57-912D-4F41D23E1A79}.Release|Any CPU.ActiveCfg = Release|Any CPU
		{B3D9FEA1-5B17-4D57-912D-4F41D23E1A79}.Release|Any CPU.Build.0 = Release|Any CPU
		{9303B1AF-6E35-4763-847C-23D2BA8ABADD}.Debug|Any CPU.ActiveCfg = Debug|Any CPU
		{9303B1AF-6E35-4763-847C-23D2BA8ABADD}.Debug|Any CPU.Build.0 = Debug|Any CPU
		{9303B1AF-6E35-4763-847C-23D2BA8ABADD}.Release|Any CPU.ActiveCfg = Release|Any CPU
		{9303B1AF-6E35-4763-847C-23D2BA8ABADD}.Release|Any CPU.Build.0 = Release|Any CPU
		{89A4D1D5-F43E-43E0-B69D-96F820F4F040}.Debug|Any CPU.ActiveCfg = Debug|Any CPU
		{89A4D1D5-F43E-43E0-B69D-96F820F4F040}.Debug|Any CPU.Build.0 = Debug|Any CPU
		{89A4D1D5-F43E-43E0-B69D-96F820F4F040}.Release|Any CPU.ActiveCfg = Release|Any CPU
		{89A4D1D5-F43E-43E0-B69D-96F820F4F040}.Release|Any CPU.Build.0 = Release|Any CPU
	EndGlobalSection
	GlobalSection(SolutionProperties) = preSolution
		HideSolutionNode = FALSE
	EndGlobalSection
	GlobalSection(ExtensibilityGlobals) = postSolution
		SolutionGuid = {AE93C9DE-149B-4BB7-8CBE-55AC2AE8109A}
	EndGlobalSection
EndGlobal
